
Microsoft Visual Studio Solution File, Format Version 12.00
# Visual Studio Version 17
VisualStudioVersion = 17.0.31903.59
MinimumVisualStudioVersion = 10.0.40219.1
Project("{2150E333-8FDC-42A3-9474-1A3956D46DE8}") = "Services", "Services", "{E51BF583-ABED-4B71-BA84-4801C70C6046}"
EndProject
Project("{FAE04EC0-301F-11D3-BF4B-00C04F79EFBC}") = "ORDER.API", "Services\ORDER.API\ORDER.API.csproj", "{F4E49C83-AA4B-4660-B01B-5239E734136C}"
EndProject
Project("{FAE04EC0-301F-11D3-BF4B-00C04F79EFBC}") = "PAYMENT.API", "Services\PAYMENT.API\PAYMENT.API.csproj", "{13812B83-D92F-48E9-A7DC-7B4DBCF771D6}"
EndProject
Project("{FAE04EC0-301F-11D3-BF4B-00C04F79EFBC}") = "STOCK.API", "Services\STOCK.API\STOCK.API.csproj", "{D579D5F4-8A2F-4E0F-A877-F72E48F2D23E}"
EndProject
Project("{FAE04EC0-301F-11D3-BF4B-00C04F79EFBC}") = "COORDINATOR.API", "Services\COORDINATOR.API\COORDINATOR.API.csproj", "{80934476-3F5D-46B3-BF8E-78EE706540CD}"
EndProject
Global
	GlobalSection(SolutionConfigurationPlatforms) = preSolution
		Debug|Any CPU = Debug|Any CPU
		Release|Any CPU = Release|Any CPU
	EndGlobalSection
	GlobalSection(SolutionProperties) = preSolution
		HideSolutionNode = FALSE
	EndGlobalSection
	GlobalSection(ProjectConfigurationPlatforms) = postSolution
		{F4E49C83-AA4B-4660-B01B-5239E734136C}.Debug|Any CPU.ActiveCfg = Debug|Any CPU
		{F4E49C83-AA4B-4660-B01B-5239E734136C}.Debug|Any CPU.Build.0 = Debug|Any CPU
		{F4E49C83-AA4B-4660-B01B-5239E734136C}.Release|Any CPU.ActiveCfg = Release|Any CPU
		{F4E49C83-AA4B-4660-B01B-5239E734136C}.Release|Any CPU.Build.0 = Release|Any CPU
		{13812B83-D92F-48E9-A7DC-7B4DBCF771D6}.Debug|Any CPU.ActiveCfg = Debug|Any CPU
		{13812B83-D92F-48E9-A7DC-7B4DBCF771D6}.Debug|Any CPU.Build.0 = Debug|Any CPU
		{13812B83-D92F-48E9-A7DC-7B4DBCF771D6}.Release|Any CPU.ActiveCfg = Release|Any CPU
		{13812B83-D92F-48E9-A7DC-7B4DBCF771D6}.Release|Any CPU.Build.0 = Release|Any CPU
		{D579D5F4-8A2F-4E0F-A877-F72E48F2D23E}.Debug|Any CPU.ActiveCfg = Debug|Any CPU
		{D579D5F4-8A2F-4E0F-A877-F72E48F2D23E}.Debug|Any CPU.Build.0 = Debug|Any CPU
		{D579D5F4-8A2F-4E0F-A877-F72E48F2D23E}.Release|Any CPU.ActiveCfg = Release|Any CPU
		{D579D5F4-8A2F-4E0F-A877-F72E48F2D23E}.Release|Any CPU.Build.0 = Release|Any CPU
		{80934476-3F5D-46B3-BF8E-78EE706540CD}.Debug|Any CPU.ActiveCfg = Debug|Any CPU
		{80934476-3F5D-46B3-BF8E-78EE706540CD}.Debug|Any CPU.Build.0 = Debug|Any CPU
		{80934476-3F5D-46B3-BF8E-78EE706540CD}.Release|Any CPU.ActiveCfg = Release|Any CPU
		{80934476-3F5D-46B3-BF8E-78EE706540CD}.Release|Any CPU.Build.0 = Release|Any CPU
	EndGlobalSection
	GlobalSection(NestedProjects) = preSolution
		{F4E49C83-AA4B-4660-B01B-5239E734136C} = {E51BF583-ABED-4B71-BA84-4801C70C6046}
		{13812B83-D92F-48E9-A7DC-7B4DBCF771D6} = {E51BF583-ABED-4B71-BA84-4801C70C6046}
		{D579D5F4-8A2F-4E0F-A877-F72E48F2D23E} = {E51BF583-ABED-4B71-BA84-4801C70C6046}
		{80934476-3F5D-46B3-BF8E-78EE706540CD} = {E51BF583-ABED-4B71-BA84-4801C70C6046}
	EndGlobalSection
EndGlobal
